
Microsoft Visual Studio Solution File, Format Version 12.00
# Visual Studio Version 17
VisualStudioVersion = 17.13.35818.85 d17.13
MinimumVisualStudioVersion = 10.0.40219.1
Project("{FAE04EC0-301F-11D3-BF4B-00C04F79EFBC}") = "Game", "Game.csproj", "{19DEC632-5497-4256-8BAD-1E39D060A791}"
EndProject
Global
	GlobalSection(SolutionConfigurationPlatforms) = preSolution
		Debug|Any CPU = Debug|Any CPU
		Release|Any CPU = Release|Any CPU
	EndGlobalSection
	GlobalSection(ProjectConfigurationPlatforms) = postSolution
		{19DEC632-5497-4256-8BAD-1E39D060A791}.Debug|Any CPU.ActiveCfg = Debug|Any CPU
		{19DEC632-5497-4256-8BAD-1E39D060A791}.Debug|Any CPU.Build.0 = Debug|Any CPU
		{19DEC632-5497-4256-8BAD-1E39D060A791}.Release|Any CPU.ActiveCfg = Release|Any CPU
		{19DEC632-5497-4256-8BAD-1E39D060A791}.Release|Any CPU.Build.0 = Release|Any CPU
	EndGlobalSection
	GlobalSection(SolutionProperties) = preSolution
		HideSolutionNode = FALSE
	EndGlobalSection
	GlobalSection(ExtensibilityGlobals) = postSolution
		SolutionGuid = {009C40C5-A684-42DA-BC87-F055791C2D16}
	EndGlobalSection
EndGlobal
